
Microsoft Visual Studio Solution File, Format Version 12.00
# Visual Studio Version 16
VisualStudioVersion = 16.0.29306.81
MinimumVisualStudioVersion = 10.0.40219.1
Project("{9092AA53-FB77-4645-B42D-1CCCA6BD08BD}") = "SSF", "SSF\SSF.njsproj", "{48AFA785-0CBA-4D1C-9C34-E8BE3F8EB264}"
EndProject
Global
	GlobalSection(SolutionConfigurationPlatforms) = preSolution
		Debug|Any CPU = Debug|Any CPU
		Release|Any CPU = Release|Any CPU
	EndGlobalSection
	GlobalSection(ProjectConfigurationPlatforms) = postSolution
		{48AFA785-0CBA-4D1C-9C34-E8BE3F8EB264}.Debug|Any CPU.ActiveCfg = Debug|Any CPU
		{48AFA785-0CBA-4D1C-9C34-E8BE3F8EB264}.Debug|Any CPU.Build.0 = Debug|Any CPU
		{48AFA785-0CBA-4D1C-9C34-E8BE3F8EB264}.Release|Any CPU.ActiveCfg = Release|Any CPU
		{48AFA785-0CBA-4D1C-9C34-E8BE3F8EB264}.Release|Any CPU.Build.0 = Release|Any CPU
	EndGlobalSection
	GlobalSection(SolutionProperties) = preSolution
		HideSolutionNode = FALSE
	EndGlobalSection
	GlobalSection(ExtensibilityGlobals) = postSolution
		SolutionGuid = {45ACA092-4298-4EE4-A532-2F9FB2A6BC6E}
	EndGlobalSection
EndGlobal
